{
  "version": 4,
  "terraform_version": "1.12.1",
  "serial": 33,
  "lineage": "7c5b61d7-74b9-ce71-d07f-bda775f454a6",
  "outputs": {},
  "resources": [
    {
      "mode": "managed",
      "type": "google_artifact_registry_repository",
      "name": "sample_project_repository",
      "provider": "provider[\"registry.terraform.io/hashicorp/google\"]",
      "instances": [
        {
          "schema_version": 0,
          "attributes": {
            "cleanup_policies": [],
            "cleanup_policy_dry_run": false,
            "create_time": "2025-06-05T23:35:17.745621Z",
            "description": "Docker repository for Sample Project",
            "docker_config": [],
            "effective_labels": {
              "goog-terraform-provisioned": "true"
            },
            "format": "DOCKER",
            "id": "projects/sample-project-460722/locations/us-central1/repositories/sample-project-repository",
            "kms_key_name": "",
            "labels": {},
            "location": "us-central1",
            "maven_config": [],
            "mode": "STANDARD_REPOSITORY",
            "name": "sample-project-repository",
            "project": "sample-project-460722",
            "remote_repository_config": [],
            "repository_id": "sample-project-repository",
            "terraform_labels": {
              "goog-terraform-provisioned": "true"
            },
            "timeouts": null,
            "update_time": "2025-06-05T23:35:17.745621Z",
            "virtual_repository_config": [],
            "vulnerability_scanning_config": [
              {
                "enablement_config": "",
                "enablement_state": "SCANNING_DISABLED",
                "enablement_state_reason": "API containerscanning.googleapis.com is not enabled."
              }
            ]
          },
          "sensitive_attributes": [],
          "identity_schema_version": 0,
          "private": "eyJlMmJmYjczMC1lY2FhLTExZTYtOGY4OC0zNDM2M2JjN2M0YzAiOnsiY3JlYXRlIjoxMjAwMDAwMDAwMDAwLCJkZWxldGUiOjEyMDAwMDAwMDAwMDAsInVwZGF0ZSI6MTIwMDAwMDAwMDAwMH19"
        }
      ]
    },
    {
      "mode": "managed",
      "type": "google_project_iam_member",
      "name": "act_as",
      "provider": "provider[\"registry.terraform.io/hashicorp/google\"]",
      "instances": [
        {
          "schema_version": 0,
          "attributes": {
            "condition": [],
            "etag": "BwY23QlukuU=",
            "id": "sample-project-460722/roles/iam.serviceAccountUser/serviceAccount:cloud-build-service-account@sample-project-460722.iam.gserviceaccount.com",
            "member": "serviceAccount:cloud-build-service-account@sample-project-460722.iam.gserviceaccount.com",
            "project": "sample-project-460722",
            "role": "roles/iam.serviceAccountUser"
          },
          "sensitive_attributes": [],
          "identity_schema_version": 0,
          "private": "bnVsbA==",
          "dependencies": [
            "google_service_account.cloud_build_sa"
          ]
        }
      ]
    },
    {
      "mode": "managed",
      "type": "google_project_iam_member",
      "name": "logs_writer",
      "provider": "provider[\"registry.terraform.io/hashicorp/google\"]",
      "instances": [
        {
          "schema_version": 0,
          "attributes": {
            "condition": [],
            "etag": "BwY23QlukuU=",
            "id": "sample-project-460722/roles/logging.logWriter/serviceAccount:cloud-build-service-account@sample-project-460722.iam.gserviceaccount.com",
            "member": "serviceAccount:cloud-build-service-account@sample-project-460722.iam.gserviceaccount.com",
            "project": "sample-project-460722",
            "role": "roles/logging.logWriter"
          },
          "sensitive_attributes": [],
          "identity_schema_version": 0,
          "private": "bnVsbA==",
          "dependencies": [
            "google_service_account.cloud_build_sa"
          ]
        }
      ]
    },
    {
      "mode": "managed",
      "type": "google_project_iam_member",
      "name": "run_admin",
      "provider": "provider[\"registry.terraform.io/hashicorp/google\"]",
      "instances": [
        {
          "schema_version": 0,
          "attributes": {
            "condition": [],
            "etag": "BwY23LznysM=",
            "id": "sample-project-460722/roles/run.admin/serviceAccount:cloud-run-service-account@sample-project-460722.iam.gserviceaccount.com",
            "member": "serviceAccount:cloud-run-service-account@sample-project-460722.iam.gserviceaccount.com",
            "project": "sample-project-460722",
            "role": "roles/run.admin"
          },
          "sensitive_attributes": [],
          "identity_schema_version": 0,
          "private": "bnVsbA==",
          "dependencies": [
            "google_service_account.cloud_run_sa"
          ]
        }
      ]
    },
    {
      "mode": "managed",
      "type": "google_project_iam_member",
      "name": "service_account_user",
      "provider": "provider[\"registry.terraform.io/hashicorp/google\"]",
      "instances": [
        {
          "schema_version": 0,
          "attributes": {
            "condition": [],
            "etag": "BwY23LznysM=",
            "id": "sample-project-460722/roles/iam.serviceAccountUser/serviceAccount:cloud-run-service-account@sample-project-460722.iam.gserviceaccount.com",
            "member": "serviceAccount:cloud-run-service-account@sample-project-460722.iam.gserviceaccount.com",
            "project": "sample-project-460722",
            "role": "roles/iam.serviceAccountUser"
          },
          "sensitive_attributes": [],
          "identity_schema_version": 0,
          "private": "bnVsbA==",
          "dependencies": [
            "google_service_account.cloud_run_sa"
          ]
        }
      ]
    },
    {
      "mode": "managed",
      "type": "google_service_account",
      "name": "cloud_build_sa",
      "provider": "provider[\"registry.terraform.io/hashicorp/google\"]",
      "instances": [
        {
          "schema_version": 0,
          "attributes": {
            "account_id": "cloud-build-service-account",
            "create_ignore_already_exists": null,
            "description": "",
            "disabled": false,
            "display_name": "A service account allowed to create triggers on Cloud Build",
            "email": "cloud-build-service-account@sample-project-460722.iam.gserviceaccount.com",
            "id": "projects/sample-project-460722/serviceAccounts/cloud-build-service-account@sample-project-460722.iam.gserviceaccount.com",
            "member": "serviceAccount:cloud-build-service-account@sample-project-460722.iam.gserviceaccount.com",
            "name": "projects/sample-project-460722/serviceAccounts/cloud-build-service-account@sample-project-460722.iam.gserviceaccount.com",
            "project": "sample-project-460722",
            "timeouts": null,
            "unique_id": "110857039091896451859"
          },
          "sensitive_attributes": [],
          "identity_schema_version": 0,
          "private": "eyJlMmJmYjczMC1lY2FhLTExZTYtOGY4OC0zNDM2M2JjN2M0YzAiOnsiY3JlYXRlIjozMDAwMDAwMDAwMDB9fQ=="
        }
      ]
    },
    {
      "mode": "managed",
      "type": "google_service_account",
      "name": "cloud_run_sa",
      "provider": "provider[\"registry.terraform.io/hashicorp/google\"]",
      "instances": [
        {
          "schema_version": 0,
          "attributes": {
            "account_id": "cloud-run-service-account",
            "create_ignore_already_exists": null,
            "description": "",
            "disabled": false,
            "display_name": "A service account allowed to deploy images on Cloud Run",
            "email": "cloud-run-service-account@sample-project-460722.iam.gserviceaccount.com",
            "id": "projects/sample-project-460722/serviceAccounts/cloud-run-service-account@sample-project-460722.iam.gserviceaccount.com",
            "member": "serviceAccount:cloud-run-service-account@sample-project-460722.iam.gserviceaccount.com",
            "name": "projects/sample-project-460722/serviceAccounts/cloud-run-service-account@sample-project-460722.iam.gserviceaccount.com",
            "project": "sample-project-460722",
            "timeouts": null,
            "unique_id": "115847907505355128437"
          },
          "sensitive_attributes": [],
          "identity_schema_version": 0,
          "private": "eyJlMmJmYjczMC1lY2FhLTExZTYtOGY4OC0zNDM2M2JjN2M0YzAiOnsiY3JlYXRlIjozMDAwMDAwMDAwMDB9fQ=="
        }
      ]
    },
    {
      "mode": "managed",
      "type": "google_service_account_key",
      "name": "cloud_run_sa_key",
      "provider": "provider[\"registry.terraform.io/hashicorp/google\"]",
      "instances": [
        {
          "schema_version": 0,
          "attributes": {
            "id": "projects/sample-project-460722/serviceAccounts/cloud-run-service-account@sample-project-460722.iam.gserviceaccount.com/keys/98706333232d9d61eed3eee06753621475ce0460",
            "keepers": null,
            "key_algorithm": "KEY_ALG_RSA_2048",
            "name": "projects/sample-project-460722/serviceAccounts/cloud-run-service-account@sample-project-460722.iam.gserviceaccount.com/keys/98706333232d9d61eed3eee06753621475ce0460",
            "private_key": "ewogICJ0eXBlIjogInNlcnZpY2VfYWNjb3VudCIsCiAgInByb2plY3RfaWQiOiAic2FtcGxlLXByb2plY3QtNDYwNzIyIiwKICAicHJpdmF0ZV9rZXlfaWQiOiAiOTg3MDYzMzMyMzJkOWQ2MWVlZDNlZWUwNjc1MzYyMTQ3NWNlMDQ2MCIsCiAgInByaXZhdGVfa2V5IjogIi0tLS0tQkVHSU4gUFJJVkFURSBLRVktLS0tLVxuTUlJRXZRSUJBREFOQmdrcWhraUc5dzBCQVFFRkFBU0NCS2N3Z2dTakFnRUFBb0lCQVFDL2R3QkhQeWYxV29qclxuUkNaOVU0UU9tcklCZlM3WU9ieVF6NHlTZlFuT290RHZOMGRRbVlDS2U5Vk5aT0xqelZXekRHRFcycWRlQzlOZFxubXNjMU9hNUhPRjE5T3FUcFp6MjdpQmt0T0RheG11bXQ4R3gyWnk2K1pPdDJ0OFdwVWpuM2QzcDVnTUtXdi9vOVxuTE85cXFBdDdNUUIxMGo2K2JWK0Q3R25wT0R5c2xUWko0MFc0ekh1RGF2WlBFNnVaaWNodVJmdysxSWltNC8rcVxueWx6Mk8zUktMaEkvcjJnUDZzZXM1T3hhSm1nOXloUjJ0T1RpL1ZvS1dTa3JYTWVQNE54QUtiRzJ2SjVWaVFpYVxuWEc3QkJGRGFmY3dYMmpRSHVYTjRaUXQ0WHpSd3JFTUpQdkVzcFpGWTlxUUJiVnh3NDZVdnBqdWNwbG1jZmYrQlxuRDZVcVViS3pBZ01CQUFFQ2dnRUFMUXlXNkN5WC9rYTdDSUFVZmxCME5ldDREcG1odUFaOXM2VGg4bVd4TlFsaVxuRjZidUJLelpiYndOU0JTQXZoREdKVWE0VWxWSUkveXNVczNrS1VYVkY3VFBhbk90OGF6MC9YYmNWYU53V3dHVVxuRWZVTDBDQWZBM1ZEWWIrRHBuOU9YRWVrYllvNlByWVU3dWZ2dlN5azV1dDByRVEzdHg2TTVzRnRlZzVkV0UyclxuTksrQ010UzM3T3lBbUN1dUNTaVp4YzhhVW1PUWdzVTAvbVBqNkJVREVqbTNxY25pUEUvYm5vb1dlcGNXYVR4blxuT09YZzM1RURiL3IwMVNvSVQrZUdGTW1IRmcvV2ZKMjk4andCd3Y5N3VqRWgxTHFjQlNCMFBkT3VRaXBFQ1FuT1xuTUd1bGNTb3B2azh5WGNxYzhwRVl6VUpwV0FjckpDNW54SnRvV3NVTWdRS0JnUURmQS9tUmlaSDhFNmFUZnRVS1xuQ3B6WjZucEUyRWJ1T3h1WFVlVFVaUHYxYWNJWlBwSTh0Q3dOMElTMmZvRjE2RERtcjRFb2hOcmZRZXdva0lRRVxuek5oUWpnZENCY0c2S0N2aDluZzV2Wm51Rlhka3VuMmw1bXFodzJ0bm8yV25qYjYxaW1iVUV2d3d1Q1Znck1YN1xuQXVaTUE4QUxKOXoyeWw5R3l1SDA5c1NmWXdLQmdRRGJ5R3l0Y0VKYXdLVGlQT0hqMFo3OHdKdzdxTHJZUmhuMVxucXlrWkVlNFlLRUxtMFNSb1NLYkJEemNuWHJUTkpCUUdUNFNYSjlrL3V2akdzaHVzdjdjNjhIOVhsNkZkZnVoL1xuUzFhUGVmK094UlBBVWN5allvTVBHSVZjQTltQmFOZEFzUldDYkp4aE44L2JkQXhYTHU5cHpQTXBjV1F4OUxGSVxuZisvNjM1YkljUUtCZ0hXbEZ5WmJPQk9PR2pWOGxzMnhRNFVCV0hhdzBOb2pmQzZiR09laVRmZnNUbVFheWZJVFxuNlpsd0FsSnk4Y0JOT0Y2NC9wMXRXRGltQWZwMElmQ1dUeFpQbGl5UjlOeExETHNxMWNrLzU4L2NxeHNMOWZScVxuVkozNUJOT3JNcGp0QVVtck5RdHk2RzZhOWJ6RjU3cStrTlpRdENJdWFUWVhFNk80cXZJYXF5YVpBb0dCQUxlZlxuRWIwdHh5SlBSUEtIYnlxSlhjMUpscjM1VUhHVXorZUNZc25CUXkwSHBpMTFtbmRPQzVQTWhJWHVDQnhFQWo3clxuZkpsVS81clJPVHU0WG9yTGVlaFNPZklTaXd5MEZNY1ZTSEtDdU5LdE1MMURHamQrL0lSR05sVVVHa3FXTHhDclxuWW84ZTh0LytZemkwRWdOZEFVVmhwOTUrRC9uMHQ1RWM0b0MxQVNMaEFvR0FSUVBVaG5Ub0N0R3hRNXJZQzhsTlxuaFFzNjlIcC9EM2dDNmp0dkpOcElmcGRGRDYyenltS2xtTHg2VEVDZkxoYWgzcVVOOFJpOWFHNlhYUmRuK0FUa1xuSDlsMzJKL1h0Q2p4TWxDSDlIbCttTHJCd3Z1L3R3TmdJL01MWnRjM3NFYUFQcTVYVmdBZGIySDVMMENEK2JNa1xuR0JUREJlejhoNi9XZjQyc2lGd1FrbTg9XG4tLS0tLUVORCBQUklWQVRFIEtFWS0tLS0tXG4iLAogICJjbGllbnRfZW1haWwiOiAiY2xvdWQtcnVuLXNlcnZpY2UtYWNjb3VudEBzYW1wbGUtcHJvamVjdC00NjA3MjIuaWFtLmdzZXJ2aWNlYWNjb3VudC5jb20iLAogICJjbGllbnRfaWQiOiAiMTE1ODQ3OTA3NTA1MzU1MTI4NDM3IiwKICAiYXV0aF91cmkiOiAiaHR0cHM6Ly9hY2NvdW50cy5nb29nbGUuY29tL28vb2F1dGgyL2F1dGgiLAogICJ0b2tlbl91cmkiOiAiaHR0cHM6Ly9vYXV0aDIuZ29vZ2xlYXBpcy5jb20vdG9rZW4iLAogICJhdXRoX3Byb3ZpZGVyX3g1MDlfY2VydF91cmwiOiAiaHR0cHM6Ly93d3cuZ29vZ2xlYXBpcy5jb20vb2F1dGgyL3YxL2NlcnRzIiwKICAiY2xpZW50X3g1MDlfY2VydF91cmwiOiAiaHR0cHM6Ly93d3cuZ29vZ2xlYXBpcy5jb20vcm9ib3QvdjEvbWV0YWRhdGEveDUwOS9jbG91ZC1ydW4tc2VydmljZS1hY2NvdW50JTQwc2FtcGxlLXByb2plY3QtNDYwNzIyLmlhbS5nc2VydmljZWFjY291bnQuY29tIiwKICAidW5pdmVyc2VfZG9tYWluIjogImdvb2dsZWFwaXMuY29tIgp9Cg==",
            "private_key_type": "TYPE_GOOGLE_CREDENTIALS_FILE",
            "public_key": "LS0tLS1CRUdJTiBDRVJUSUZJQ0FURS0tLS0tCk1JSUMvRENDQWVTZ0F3SUJBZ0lJVjNReU5reWtzZ1l3RFFZSktvWklodmNOQVFFRkJRQXdJREVlTUJ3R0ExVUUKQXd3Vk1URTFPRFEzT1RBM05UQTFNelUxTVRJNE5ETTNNQ0FYRFRJMU1EWXdOVEl6TXpVeU4xb1lEems1T1RreApNak14TWpNMU9UVTVXakFnTVI0d0hBWURWUVFEREJVeE1UVTRORGM1TURjMU1EVXpOVFV4TWpnME16Y3dnZ0VpCk1BMEdDU3FHU0liM0RRRUJBUVVBQTRJQkR3QXdnZ0VLQW9JQkFRQy9kd0JIUHlmMVdvanJSQ1o5VTRRT21ySUIKZlM3WU9ieVF6NHlTZlFuT290RHZOMGRRbVlDS2U5Vk5aT0xqelZXekRHRFcycWRlQzlOZG1zYzFPYTVIT0YxOQpPcVRwWnoyN2lCa3RPRGF4bXVtdDhHeDJaeTYrWk90MnQ4V3BVam4zZDNwNWdNS1d2L285TE85cXFBdDdNUUIxCjBqNitiVitEN0ducE9EeXNsVFpKNDBXNHpIdURhdlpQRTZ1WmljaHVSZncrMUlpbTQvK3F5bHoyTzNSS0xoSS8KcjJnUDZzZXM1T3hhSm1nOXloUjJ0T1RpL1ZvS1dTa3JYTWVQNE54QUtiRzJ2SjVWaVFpYVhHN0JCRkRhZmN3WAoyalFIdVhONFpRdDRYelJ3ckVNSlB2RXNwWkZZOXFRQmJWeHc0NlV2cGp1Y3BsbWNmZitCRDZVcVViS3pBZ01CCkFBR2pPREEyTUF3R0ExVWRFd0VCL3dRQ01BQXdEZ1lEVlIwUEFRSC9CQVFEQWdlQU1CWUdBMVVkSlFFQi93UU0KTUFvR0NDc0dBUVVGQndNQ01BMEdDU3FHU0liM0RRRUJCUVVBQTRJQkFRQ3gxSG1yRjJRSkVKcCtPS0wxNGZXYgozcENZSGtnRDZST1hwQjZxUUk0eEQ2TWVhY25GUVUwaEZhc3gyRUZscmNZdFV4c0VUUi8rVHQ5ZlIrVE9TRWtNCkFxQU5XeTFIWm5yNzEzMnorMnRPY3VnVzFNQ1UrOXZERGcvRG5zSEx0UWFZVDNVcnl1WlMyZnRPR2JHTkRhbnoKQkQxd2tCOVdNZjl0MURBbmxYTitzUjRFR1RlZGQ3bUVmWnlhQU04b1Mrb1lkc1RuSVM0OVhOMll5NThyam5QbApUeE9mRFBWL0x6Zmk5Ulk0RWRkZkozbjhCMWVVWWNadTBydm5uQThIdXRTVFozeVQ4K016OTRyRHRFVjFFWkRhCnIyRDc0eVVFV1pSM042dExLVkNTOS9TYk1vbjZ0TGRzZHRBRFE1UllZVkFZOXBnWS96ZENZZUFsK3UzZ0I0blQKLS0tLS1FTkQgQ0VSVElGSUNBVEUtLS0tLQo=",
            "public_key_data": null,
            "public_key_type": "TYPE_X509_PEM_FILE",
            "service_account_id": "projects/sample-project-460722/serviceAccounts/cloud-run-service-account@sample-project-460722.iam.gserviceaccount.com",
            "valid_after": "2025-06-05T23:35:27Z",
            "valid_before": "9999-12-31T23:59:59Z"
          },
          "sensitive_attributes": [
            [
              {
                "type": "get_attr",
                "value": "private_key"
              }
            ]
          ],
          "identity_schema_version": 0,
          "private": "bnVsbA==",
          "dependencies": [
            "google_service_account.cloud_run_sa"
          ]
        }
      ]
    }
  ],
  "check_results": null
}
